
Microsoft Visual Studio Solution File, Format Version 12.00
# Visual Studio Version 17
VisualStudioVersion = 17.5.33424.131
MinimumVisualStudioVersion = 10.0.40219.1
Project("{9A19103F-16F7-4668-BE54-9A1E7A4F7556}") = "Shop.Web", "Shop.Web\Shop.Web.csproj", "{EBFF6B25-2956-4FD4-8BF0-E0E51CB24F5A}"
EndProject
Project("{FAE04EC0-301F-11D3-BF4B-00C04F79EFBC}") = "Shop.Domain", "Shop.Domain\Shop.Domain.csproj", "{4A06855B-FB06-4BA9-B4D9-60DBBE6CFB8F}"
EndProject
Project("{FAE04EC0-301F-11D3-BF4B-00C04F79EFBC}") = "Shop.Application", "Shop.Application\Shop.Application.csproj", "{6AF387CC-8D47-405C-91DB-FE2ED4AF5ECF}"
EndProject
Project("{FAE04EC0-301F-11D3-BF4B-00C04F79EFBC}") = "Shop.Infrastructure", "Shop.Infrastructure\Shop.Infrastructure.csproj", "{424EF03D-3CD4-43BB-8A1F-F12398150014}"
EndProject
Global
	GlobalSection(SolutionConfigurationPlatforms) = preSolution
		Debug|Any CPU = Debug|Any CPU
		Release|Any CPU = Release|Any CPU
	EndGlobalSection
	GlobalSection(ProjectConfigurationPlatforms) = postSolution
		{EBFF6B25-2956-4FD4-8BF0-E0E51CB24F5A}.Debug|Any CPU.ActiveCfg = Debug|Any CPU
		{EBFF6B25-2956-4FD4-8BF0-E0E51CB24F5A}.Debug|Any CPU.Build.0 = Debug|Any CPU
		{EBFF6B25-2956-4FD4-8BF0-E0E51CB24F5A}.Release|Any CPU.ActiveCfg = Release|Any CPU
		{EBFF6B25-2956-4FD4-8BF0-E0E51CB24F5A}.Release|Any CPU.Build.0 = Release|Any CPU
		{4A06855B-FB06-4BA9-B4D9-60DBBE6CFB8F}.Debug|Any CPU.ActiveCfg = Debug|Any CPU
		{4A06855B-FB06-4BA9-B4D9-60DBBE6CFB8F}.Debug|Any CPU.Build.0 = Debug|Any CPU
		{4A06855B-FB06-4BA9-B4D9-60DBBE6CFB8F}.Release|Any CPU.ActiveCfg = Release|Any CPU
		{4A06855B-FB06-4BA9-B4D9-60DBBE6CFB8F}.Release|Any CPU.Build.0 = Release|Any CPU
		{6AF387CC-8D47-405C-91DB-FE2ED4AF5ECF}.Debug|Any CPU.ActiveCfg = Debug|Any CPU
		{6AF387CC-8D47-405C-91DB-FE2ED4AF5ECF}.Debug|Any CPU.Build.0 = Debug|Any CPU
		{6AF387CC-8D47-405C-91DB-FE2ED4AF5ECF}.Release|Any CPU.ActiveCfg = Release|Any CPU
		{6AF387CC-8D47-405C-91DB-FE2ED4AF5ECF}.Release|Any CPU.Build.0 = Release|Any CPU
		{424EF03D-3CD4-43BB-8A1F-F12398150014}.Debug|Any CPU.ActiveCfg = Debug|Any CPU
		{424EF03D-3CD4-43BB-8A1F-F12398150014}.Debug|Any CPU.Build.0 = Debug|Any CPU
		{424EF03D-3CD4-43BB-8A1F-F12398150014}.Release|Any CPU.ActiveCfg = Release|Any CPU
		{424EF03D-3CD4-43BB-8A1F-F12398150014}.Release|Any CPU.Build.0 = Release|Any CPU
	EndGlobalSection
	GlobalSection(SolutionProperties) = preSolution
		HideSolutionNode = FALSE
	EndGlobalSection
	GlobalSection(ExtensibilityGlobals) = postSolution
		SolutionGuid = {09DA8600-3C0F-487A-995D-9B6F645D3C02}
	EndGlobalSection
EndGlobal
